
Microsoft Visual Studio Solution File, Format Version 12.00
# Visual Studio Version 16
VisualStudioVersion = 16.0.31205.134
MinimumVisualStudioVersion = 10.0.40219.1
Project("{2150E333-8FDC-42A3-9474-1A3956D46DE8}") = "src", "src", "{08FB3E93-7FD0-4904-AB07-B3EAF2311820}"
EndProject
Project("{2150E333-8FDC-42A3-9474-1A3956D46DE8}") = "APIGateway", "APIGateway", "{8FCAC76F-BDFF-4F97-906E-D8DD25E62FED}"
EndProject
Project("{2150E333-8FDC-42A3-9474-1A3956D46DE8}") = "Aggregator", "Aggregator", "{85833D2B-08A8-420B-88D0-FB2B7EC486E4}"
EndProject
Project("{9A19103F-16F7-4668-BE54-9A1E7A4F7556}") = "Aggregator", "APIGateway\Aggregator\Aggregator.csproj", "{F7274189-9231-4B14-A118-BD88880523C3}"
EndProject
Project("{2150E333-8FDC-42A3-9474-1A3956D46DE8}") = "EventBus", "EventBus", "{2E86A1B0-96E4-4E73-B726-EC5B6AEAD444}"
EndProject
Project("{2150E333-8FDC-42A3-9474-1A3956D46DE8}") = "Services", "Services", "{D05C3A76-9C97-4699-8EFB-F455B0FD6A31}"
EndProject
Project("{2150E333-8FDC-42A3-9474-1A3956D46DE8}") = "EducationalInstitution.API", "EducationalInstitution.API", "{FBE31979-2CEB-4948-A19D-DF3838C4CCC6}"
EndProject
Project("{9A19103F-16F7-4668-BE54-9A1E7A4F7556}") = "EducationalInstitution.API", "Services\Edu\EducationalInstitution.API\EducationalInstitution.API.csproj", "{4D78AD09-7093-4388-9C26-4BB5035B96CD}"
	ProjectSection(ProjectDependencies) = postProject
		{54BDA6F8-1AE6-4809-ABEB-CEB1A3C69C78} = {54BDA6F8-1AE6-4809-ABEB-CEB1A3C69C78}
	EndProjectSection
EndProject
Project("{2150E333-8FDC-42A3-9474-1A3956D46DE8}") = "Tests", "Tests", "{F44B118E-426B-4764-B852-20120D0F23A0}"
EndProject
Project("{9A19103F-16F7-4668-BE54-9A1E7A4F7556}") = "EducationalInstitution.API.UnitTests", "Services\Edu\EducationalInstitution.API.UnitTests\EducationalInstitution.API.UnitTests.csproj", "{A5D4BF65-A072-4472-AD92-5C9A9B50D721}"
EndProject
Project("{9A19103F-16F7-4668-BE54-9A1E7A4F7556}") = "EducationalInstitution.API.IntegrationTests", "Services\Edu\EducationalInstitution.API.IntegrationTests\EducationalInstitution.API.IntegrationTests.csproj", "{285534CF-BC3A-41D6-8423-DC15843B8C4F}"
EndProject
Project("{2150E333-8FDC-42A3-9474-1A3956D46DE8}") = "Notification.API", "Notification.API", "{C15AF18F-6EDC-4DAD-B507-4B8670427514}"
EndProject
Project("{9A19103F-16F7-4668-BE54-9A1E7A4F7556}") = "Notification.API", "Services\Notification\Notification.API\Notification.API.csproj", "{D0D0C318-84BD-4373-BEEF-75C54484A04A}"
	ProjectSection(ProjectDependencies) = postProject
		{54BDA6F8-1AE6-4809-ABEB-CEB1A3C69C78} = {54BDA6F8-1AE6-4809-ABEB-CEB1A3C69C78}
	EndProjectSection
EndProject
Project("{9A19103F-16F7-4668-BE54-9A1E7A4F7556}") = "RabbitMQEventBus", "EventBus\RabbitMQEventBus\RabbitMQEventBus.csproj", "{54BDA6F8-1AE6-4809-ABEB-CEB1A3C69C78}"
EndProject
Project("{2150E333-8FDC-42A3-9474-1A3956D46DE8}") = "Solution Items", "Solution Items", "{DB6443BD-0389-4A91-9388-40208C525816}"
	ProjectSection(SolutionItems) = preProject
		..\.gitignore = ..\.gitignore
		..\azure-pipelines.yml = ..\azure-pipelines.yml
		docker-compose.yml = docker-compose.yml
	EndProjectSection
EndProject
Project("{2150E333-8FDC-42A3-9474-1A3956D46DE8}") = "Validation", "Validation", "{1F23FA05-5C2B-4A96-9A63-28991143BF3B}"
EndProject
Project("{9A19103F-16F7-4668-BE54-9A1E7A4F7556}") = "DataValidation", "Validation\DataValidation\DataValidation.csproj", "{066F5763-D161-42CA-A442-06A9FE601BD5}"
EndProject
Project("{E53339B2-1760-4266-BCC7-CA923CBCF16C}") = "docker-compose", "docker-compose.dcproj", "{0F20AC72-92F8-4A54-B0DD-887F2E352F53}"
EndProject
Project("{9A19103F-16F7-4668-BE54-9A1E7A4F7556}") = "EducationalInstitution.Infrastructure", "Services\Edu\EducationalInstitution.Infrastructure\EducationalInstitution.Infrastructure.csproj", "{88C7E58C-4280-48FB-AA0A-DF29CACA0FA9}"
EndProject
Project("{9A19103F-16F7-4668-BE54-9A1E7A4F7556}") = "EducationalInstitution.Domain", "Services\Edu\EducationalInstitution.Domain\EducationalInstitution.Domain.csproj", "{E9646139-B51C-48B7-8B07-03EC39CC01E9}"
EndProject
Project("{9A19103F-16F7-4668-BE54-9A1E7A4F7556}") = "EducationalInstitution.Application", "Services\Edu\EducationalInstitution.Application\EducationalInstitution.Application.csproj", "{9C1CB6FE-60CE-41AF-BE64-5BE5307A1EDC}"
EndProject
Project("{9A19103F-16F7-4668-BE54-9A1E7A4F7556}") = "Notification.Infrastructure", "Services\Notification\Notification.Infrastructure\Notification.Infrastructure.csproj", "{A2A87487-6AFB-4985-90D1-43F60CBCEA0E}"
EndProject
Project("{9A19103F-16F7-4668-BE54-9A1E7A4F7556}") = "Notification.Domain", "Services\Notification\Notification.Domain\Notification.Domain.csproj", "{FD65AD2B-B3AC-495B-A6DC-0919E5E31C30}"
EndProject
Project("{9A19103F-16F7-4668-BE54-9A1E7A4F7556}") = "Notification.Application", "Services\Notification\Notification.Application\Notification.Application.csproj", "{09069471-B466-496D-8B4A-34943281425E}"
EndProject
Project("{9A19103F-16F7-4668-BE54-9A1E7A4F7556}") = "EducationalInstitution.API.Tests.Shared", "Services\Edu\EducationalInstitution.API.Tests.Shared\EducationalInstitution.API.Tests.Shared.csproj", "{9E7BA3D2-0BFF-47DC-A577-B96FF3198D3D}"
EndProject
Project("{2150E333-8FDC-42A3-9474-1A3956D46DE8}") = "BackgroundTasks", "BackgroundTasks", "{6AEB1BE3-D814-48FF-A728-4D1B9FDE12F1}"
EndProject
Project("{2150E333-8FDC-42A3-9474-1A3956D46DE8}") = "DatabaseTasks", "DatabaseTasks", "{8ABADD6C-EEC2-48B4-A3FD-624860E7759C}"
EndProject
Project("{9A19103F-16F7-4668-BE54-9A1E7A4F7556}") = "DatabaseTasks", "BackgroundTasks\DatabaseTasks\DatabaseTasks.csproj", "{38CBBD9C-3B19-4EFC-BFCA-00C219DBF368}"
EndProject
Project("{2150E333-8FDC-42A3-9474-1A3956D46DE8}") = "Identity.API", "Identity.API", "{65DB6EA5-7737-430B-B4C9-A15FC576743F}"
EndProject
Project("{9A19103F-16F7-4668-BE54-9A1E7A4F7556}") = "Identity.API", "Services\Identity\Identity.API\Identity.API.csproj", "{F7F572BE-0198-4F63-BA0B-12454EEF8AFF}"
EndProject
Project("{2150E333-8FDC-42A3-9474-1A3956D46DE8}") = "Tests", "Tests", "{3DFEF1BF-8570-4E76-89D9-298CE7E36B10}"
EndProject
Project("{9A19103F-16F7-4668-BE54-9A1E7A4F7556}") = "Aggregator.UnitTests", "APIGateway\Aggregator.UnitTests\Aggregator.UnitTests.csproj", "{4DB2C2F4-9BDD-4266-86A1-435E8E7C4E6D}"
EndProject
Project("{2150E333-8FDC-42A3-9474-1A3956D46DE8}") = "Tests", "Tests", "{BAB7289D-12F5-4B32-84C7-290BBF3E6EE2}"
EndProject
Project("{9A19103F-16F7-4668-BE54-9A1E7A4F7556}") = "Identity.API.UnitTests", "Services\Identity\Identity.API.UnitTests\Identity.API.UnitTests.csproj", "{A90980B6-38DD-4E15-B728-7E658275219B}"
EndProject
Global
	GlobalSection(SolutionConfigurationPlatforms) = preSolution
		Debug|Any CPU = Debug|Any CPU
		Release|Any CPU = Release|Any CPU
	EndGlobalSection
	GlobalSection(ProjectConfigurationPlatforms) = postSolution
		{F7274189-9231-4B14-A118-BD88880523C3}.Debug|Any CPU.ActiveCfg = Debug|Any CPU
		{F7274189-9231-4B14-A118-BD88880523C3}.Debug|Any CPU.Build.0 = Debug|Any CPU
		{F7274189-9231-4B14-A118-BD88880523C3}.Release|Any CPU.ActiveCfg = Release|Any CPU
		{F7274189-9231-4B14-A118-BD88880523C3}.Release|Any CPU.Build.0 = Release|Any CPU
		{4D78AD09-7093-4388-9C26-4BB5035B96CD}.Debug|Any CPU.ActiveCfg = Debug|Any CPU
		{4D78AD09-7093-4388-9C26-4BB5035B96CD}.Debug|Any CPU.Build.0 = Debug|Any CPU
		{4D78AD09-7093-4388-9C26-4BB5035B96CD}.Release|Any CPU.ActiveCfg = Release|Any CPU
		{4D78AD09-7093-4388-9C26-4BB5035B96CD}.Release|Any CPU.Build.0 = Release|Any CPU
		{A5D4BF65-A072-4472-AD92-5C9A9B50D721}.Debug|Any CPU.ActiveCfg = Debug|Any CPU
		{A5D4BF65-A072-4472-AD92-5C9A9B50D721}.Debug|Any CPU.Build.0 = Debug|Any CPU
		{A5D4BF65-A072-4472-AD92-5C9A9B50D721}.Release|Any CPU.ActiveCfg = Release|Any CPU
		{A5D4BF65-A072-4472-AD92-5C9A9B50D721}.Release|Any CPU.Build.0 = Release|Any CPU
		{285534CF-BC3A-41D6-8423-DC15843B8C4F}.Debug|Any CPU.ActiveCfg = Debug|Any CPU
		{285534CF-BC3A-41D6-8423-DC15843B8C4F}.Debug|Any CPU.Build.0 = Debug|Any CPU
		{285534CF-BC3A-41D6-8423-DC15843B8C4F}.Release|Any CPU.ActiveCfg = Release|Any CPU
		{285534CF-BC3A-41D6-8423-DC15843B8C4F}.Release|Any CPU.Build.0 = Release|Any CPU
		{D0D0C318-84BD-4373-BEEF-75C54484A04A}.Debug|Any CPU.ActiveCfg = Debug|Any CPU
		{D0D0C318-84BD-4373-BEEF-75C54484A04A}.Debug|Any CPU.Build.0 = Debug|Any CPU
		{D0D0C318-84BD-4373-BEEF-75C54484A04A}.Release|Any CPU.ActiveCfg = Release|Any CPU
		{D0D0C318-84BD-4373-BEEF-75C54484A04A}.Release|Any CPU.Build.0 = Release|Any CPU
		{54BDA6F8-1AE6-4809-ABEB-CEB1A3C69C78}.Debug|Any CPU.ActiveCfg = Debug|Any CPU
		{54BDA6F8-1AE6-4809-ABEB-CEB1A3C69C78}.Debug|Any CPU.Build.0 = Debug|Any CPU
		{54BDA6F8-1AE6-4809-ABEB-CEB1A3C69C78}.Release|Any CPU.ActiveCfg = Release|Any CPU
		{54BDA6F8-1AE6-4809-ABEB-CEB1A3C69C78}.Release|Any CPU.Build.0 = Release|Any CPU
		{066F5763-D161-42CA-A442-06A9FE601BD5}.Debug|Any CPU.ActiveCfg = Debug|Any CPU
		{066F5763-D161-42CA-A442-06A9FE601BD5}.Debug|Any CPU.Build.0 = Debug|Any CPU
		{066F5763-D161-42CA-A442-06A9FE601BD5}.Release|Any CPU.ActiveCfg = Release|Any CPU
		{066F5763-D161-42CA-A442-06A9FE601BD5}.Release|Any CPU.Build.0 = Release|Any CPU
		{0F20AC72-92F8-4A54-B0DD-887F2E352F53}.Debug|Any CPU.ActiveCfg = Debug|Any CPU
		{0F20AC72-92F8-4A54-B0DD-887F2E352F53}.Debug|Any CPU.Build.0 = Debug|Any CPU
		{0F20AC72-92F8-4A54-B0DD-887F2E352F53}.Release|Any CPU.ActiveCfg = Release|Any CPU
		{0F20AC72-92F8-4A54-B0DD-887F2E352F53}.Release|Any CPU.Build.0 = Release|Any CPU
		{88C7E58C-4280-48FB-AA0A-DF29CACA0FA9}.Debug|Any CPU.ActiveCfg = Debug|Any CPU
		{88C7E58C-4280-48FB-AA0A-DF29CACA0FA9}.Debug|Any CPU.Build.0 = Debug|Any CPU
		{88C7E58C-4280-48FB-AA0A-DF29CACA0FA9}.Release|Any CPU.ActiveCfg = Release|Any CPU
		{88C7E58C-4280-48FB-AA0A-DF29CACA0FA9}.Release|Any CPU.Build.0 = Release|Any CPU
		{E9646139-B51C-48B7-8B07-03EC39CC01E9}.Debug|Any CPU.ActiveCfg = Debug|Any CPU
		{E9646139-B51C-48B7-8B07-03EC39CC01E9}.Debug|Any CPU.Build.0 = Debug|Any CPU
		{E9646139-B51C-48B7-8B07-03EC39CC01E9}.Release|Any CPU.ActiveCfg = Release|Any CPU
		{E9646139-B51C-48B7-8B07-03EC39CC01E9}.Release|Any CPU.Build.0 = Release|Any CPU
		{9C1CB6FE-60CE-41AF-BE64-5BE5307A1EDC}.Debug|Any CPU.ActiveCfg = Debug|Any CPU
		{9C1CB6FE-60CE-41AF-BE64-5BE5307A1EDC}.Debug|Any CPU.Build.0 = Debug|Any CPU
		{9C1CB6FE-60CE-41AF-BE64-5BE5307A1EDC}.Release|Any CPU.ActiveCfg = Release|Any CPU
		{9C1CB6FE-60CE-41AF-BE64-5BE5307A1EDC}.Release|Any CPU.Build.0 = Release|Any CPU
		{A2A87487-6AFB-4985-90D1-43F60CBCEA0E}.Debug|Any CPU.ActiveCfg = Debug|Any CPU
		{A2A87487-6AFB-4985-90D1-43F60CBCEA0E}.Debug|Any CPU.Build.0 = Debug|Any CPU
		{A2A87487-6AFB-4985-90D1-43F60CBCEA0E}.Release|Any CPU.ActiveCfg = Release|Any CPU
		{A2A87487-6AFB-4985-90D1-43F60CBCEA0E}.Release|Any CPU.Build.0 = Release|Any CPU
		{FD65AD2B-B3AC-495B-A6DC-0919E5E31C30}.Debug|Any CPU.ActiveCfg = Debug|Any CPU
		{FD65AD2B-B3AC-495B-A6DC-0919E5E31C30}.Debug|Any CPU.Build.0 = Debug|Any CPU
		{FD65AD2B-B3AC-495B-A6DC-0919E5E31C30}.Release|Any CPU.ActiveCfg = Release|Any CPU
		{FD65AD2B-B3AC-495B-A6DC-0919E5E31C30}.Release|Any CPU.Build.0 = Release|Any CPU
		{09069471-B466-496D-8B4A-34943281425E}.Debug|Any CPU.ActiveCfg = Debug|Any CPU
		{09069471-B466-496D-8B4A-34943281425E}.Debug|Any CPU.Build.0 = Debug|Any CPU
		{09069471-B466-496D-8B4A-34943281425E}.Release|Any CPU.ActiveCfg = Release|Any CPU
		{09069471-B466-496D-8B4A-34943281425E}.Release|Any CPU.Build.0 = Release|Any CPU
		{9E7BA3D2-0BFF-47DC-A577-B96FF3198D3D}.Debug|Any CPU.ActiveCfg = Debug|Any CPU
		{9E7BA3D2-0BFF-47DC-A577-B96FF3198D3D}.Debug|Any CPU.Build.0 = Debug|Any CPU
		{9E7BA3D2-0BFF-47DC-A577-B96FF3198D3D}.Release|Any CPU.ActiveCfg = Release|Any CPU
		{9E7BA3D2-0BFF-47DC-A577-B96FF3198D3D}.Release|Any CPU.Build.0 = Release|Any CPU
		{38CBBD9C-3B19-4EFC-BFCA-00C219DBF368}.Debug|Any CPU.ActiveCfg = Debug|Any CPU
		{38CBBD9C-3B19-4EFC-BFCA-00C219DBF368}.Debug|Any CPU.Build.0 = Debug|Any CPU
		{38CBBD9C-3B19-4EFC-BFCA-00C219DBF368}.Release|Any CPU.ActiveCfg = Release|Any CPU
		{38CBBD9C-3B19-4EFC-BFCA-00C219DBF368}.Release|Any CPU.Build.0 = Release|Any CPU
		{F7F572BE-0198-4F63-BA0B-12454EEF8AFF}.Debug|Any CPU.ActiveCfg = Debug|Any CPU
		{F7F572BE-0198-4F63-BA0B-12454EEF8AFF}.Debug|Any CPU.Build.0 = Debug|Any CPU
		{F7F572BE-0198-4F63-BA0B-12454EEF8AFF}.Release|Any CPU.ActiveCfg = Release|Any CPU
		{F7F572BE-0198-4F63-BA0B-12454EEF8AFF}.Release|Any CPU.Build.0 = Release|Any CPU
		{4DB2C2F4-9BDD-4266-86A1-435E8E7C4E6D}.Debug|Any CPU.ActiveCfg = Debug|Any CPU
		{4DB2C2F4-9BDD-4266-86A1-435E8E7C4E6D}.Debug|Any CPU.Build.0 = Debug|Any CPU
		{4DB2C2F4-9BDD-4266-86A1-435E8E7C4E6D}.Release|Any CPU.ActiveCfg = Release|Any CPU
		{4DB2C2F4-9BDD-4266-86A1-435E8E7C4E6D}.Release|Any CPU.Build.0 = Release|Any CPU
		{A90980B6-38DD-4E15-B728-7E658275219B}.Debug|Any CPU.ActiveCfg = Debug|Any CPU
		{A90980B6-38DD-4E15-B728-7E658275219B}.Debug|Any CPU.Build.0 = Debug|Any CPU
		{A90980B6-38DD-4E15-B728-7E658275219B}.Release|Any CPU.ActiveCfg = Release|Any CPU
		{A90980B6-38DD-4E15-B728-7E658275219B}.Release|Any CPU.Build.0 = Release|Any CPU
	EndGlobalSection
	GlobalSection(SolutionProperties) = preSolution
		HideSolutionNode = FALSE
	EndGlobalSection
	GlobalSection(NestedProjects) = preSolution
		{8FCAC76F-BDFF-4F97-906E-D8DD25E62FED} = {08FB3E93-7FD0-4904-AB07-B3EAF2311820}
		{85833D2B-08A8-420B-88D0-FB2B7EC486E4} = {8FCAC76F-BDFF-4F97-906E-D8DD25E62FED}
		{F7274189-9231-4B14-A118-BD88880523C3} = {85833D2B-08A8-420B-88D0-FB2B7EC486E4}
		{2E86A1B0-96E4-4E73-B726-EC5B6AEAD444} = {08FB3E93-7FD0-4904-AB07-B3EAF2311820}
		{D05C3A76-9C97-4699-8EFB-F455B0FD6A31} = {08FB3E93-7FD0-4904-AB07-B3EAF2311820}
		{FBE31979-2CEB-4948-A19D-DF3838C4CCC6} = {D05C3A76-9C97-4699-8EFB-F455B0FD6A31}
		{4D78AD09-7093-4388-9C26-4BB5035B96CD} = {FBE31979-2CEB-4948-A19D-DF3838C4CCC6}
		{F44B118E-426B-4764-B852-20120D0F23A0} = {FBE31979-2CEB-4948-A19D-DF3838C4CCC6}
		{A5D4BF65-A072-4472-AD92-5C9A9B50D721} = {F44B118E-426B-4764-B852-20120D0F23A0}
		{285534CF-BC3A-41D6-8423-DC15843B8C4F} = {F44B118E-426B-4764-B852-20120D0F23A0}
		{C15AF18F-6EDC-4DAD-B507-4B8670427514} = {D05C3A76-9C97-4699-8EFB-F455B0FD6A31}
		{D0D0C318-84BD-4373-BEEF-75C54484A04A} = {C15AF18F-6EDC-4DAD-B507-4B8670427514}
		{54BDA6F8-1AE6-4809-ABEB-CEB1A3C69C78} = {2E86A1B0-96E4-4E73-B726-EC5B6AEAD444}
		{1F23FA05-5C2B-4A96-9A63-28991143BF3B} = {08FB3E93-7FD0-4904-AB07-B3EAF2311820}
		{066F5763-D161-42CA-A442-06A9FE601BD5} = {1F23FA05-5C2B-4A96-9A63-28991143BF3B}
		{88C7E58C-4280-48FB-AA0A-DF29CACA0FA9} = {FBE31979-2CEB-4948-A19D-DF3838C4CCC6}
		{E9646139-B51C-48B7-8B07-03EC39CC01E9} = {FBE31979-2CEB-4948-A19D-DF3838C4CCC6}
		{9C1CB6FE-60CE-41AF-BE64-5BE5307A1EDC} = {FBE31979-2CEB-4948-A19D-DF3838C4CCC6}
		{A2A87487-6AFB-4985-90D1-43F60CBCEA0E} = {C15AF18F-6EDC-4DAD-B507-4B8670427514}
		{FD65AD2B-B3AC-495B-A6DC-0919E5E31C30} = {C15AF18F-6EDC-4DAD-B507-4B8670427514}
		{09069471-B466-496D-8B4A-34943281425E} = {C15AF18F-6EDC-4DAD-B507-4B8670427514}
		{9E7BA3D2-0BFF-47DC-A577-B96FF3198D3D} = {F44B118E-426B-4764-B852-20120D0F23A0}
		{6AEB1BE3-D814-48FF-A728-4D1B9FDE12F1} = {08FB3E93-7FD0-4904-AB07-B3EAF2311820}
		{8ABADD6C-EEC2-48B4-A3FD-624860E7759C} = {6AEB1BE3-D814-48FF-A728-4D1B9FDE12F1}
		{38CBBD9C-3B19-4EFC-BFCA-00C219DBF368} = {8ABADD6C-EEC2-48B4-A3FD-624860E7759C}
		{65DB6EA5-7737-430B-B4C9-A15FC576743F} = {D05C3A76-9C97-4699-8EFB-F455B0FD6A31}
		{F7F572BE-0198-4F63-BA0B-12454EEF8AFF} = {65DB6EA5-7737-430B-B4C9-A15FC576743F}
		{3DFEF1BF-8570-4E76-89D9-298CE7E36B10} = {85833D2B-08A8-420B-88D0-FB2B7EC486E4}
		{4DB2C2F4-9BDD-4266-86A1-435E8E7C4E6D} = {3DFEF1BF-8570-4E76-89D9-298CE7E36B10}
		{BAB7289D-12F5-4B32-84C7-290BBF3E6EE2} = {65DB6EA5-7737-430B-B4C9-A15FC576743F}
		{A90980B6-38DD-4E15-B728-7E658275219B} = {BAB7289D-12F5-4B32-84C7-290BBF3E6EE2}
	EndGlobalSection
	GlobalSection(ExtensibilityGlobals) = postSolution
		SolutionGuid = {0755839D-14ED-4C54-BEB8-32CC5B50A3B4}
	EndGlobalSection
EndGlobal
