
Microsoft Visual Studio Solution File, Format Version 12.00
# Visual Studio Version 16
VisualStudioVersion = 16.0.31205.134
MinimumVisualStudioVersion = 10.0.40219.1
Project("{9A19103F-16F7-4668-BE54-9A1E7A4F7556}") = "Notification.API", "Notification.API.csproj", "{97A56C6C-6BC1-49E4-8A76-E9CF07D09BB3}"
EndProject
Global
	GlobalSection(SolutionConfigurationPlatforms) = preSolution
		Debug|Any CPU = Debug|Any CPU
		Release|Any CPU = Release|Any CPU
	EndGlobalSection
	GlobalSection(ProjectConfigurationPlatforms) = postSolution
		{97A56C6C-6BC1-49E4-8A76-E9CF07D09BB3}.Debug|Any CPU.ActiveCfg = Debug|Any CPU
		{97A56C6C-6BC1-49E4-8A76-E9CF07D09BB3}.Debug|Any CPU.Build.0 = Debug|Any CPU
		{97A56C6C-6BC1-49E4-8A76-E9CF07D09BB3}.Release|Any CPU.ActiveCfg = Release|Any CPU
		{97A56C6C-6BC1-49E4-8A76-E9CF07D09BB3}.Release|Any CPU.Build.0 = Release|Any CPU
	EndGlobalSection
	GlobalSection(SolutionProperties) = preSolution
		HideSolutionNode = FALSE
	EndGlobalSection
	GlobalSection(ExtensibilityGlobals) = postSolution
		SolutionGuid = {E70B8A9D-E891-4F80-A487-E131F0D8D3AB}
	EndGlobalSection
EndGlobal
